{
	"name": "@pluralsight/ps-design-system-halo",
	"version": "2.1.1",
	"lockfileVersion": 1,
	"requires": true,
	"dependencies": {
		"hoist-non-react-statics": {
			"version": "3.2.1",
			"resolved": "https://registry.npmjs.org/hoist-non-react-statics/-/hoist-non-react-statics-3.2.1.tgz",
			"integrity": "sha512-TFsu3TV3YLY+zFTZDrN8L2DTFanObwmBLpWvJs1qfUuEQ5bTAdFcwfx2T/bsCXfM9QHSLvjfP+nihEl0yvozxw==",
			"requires": {
				"react-is": "^16.3.2"
			},
			"dependencies": {
				"react-is": {
					"version": "16.6.3",
					"resolved": "https://registry.npmjs.org/react-is/-/react-is-16.6.3.tgz",
					"integrity": "sha512-u7FDWtthB4rWibG/+mFbVd5FvdI20yde86qKGx4lVUTWmPlSWQ4QxbBIrrs+HnXGbxOUlUzTAP/VDmvCwaP2yA=="
				}
			}
		}
	}
}
