{
  "requires": true,
  "lockfileVersion": 1,
  "dependencies": {
    "ansi-styles": {
      "version": "3.2.0",
      "resolved": "https://registry.npmjs.org/ansi-styles/-/ansi-styles-3.2.0.tgz",
      "integrity": "sha512-NnSOmMEYtVR2JVMIGTzynRkkaxtiq1xnFBcdQD/DnNCYPoEPsVJhM98BDyaoNOQIi7p4okdi3E27eN7GQbsUug==",
      "requires": {
        "color-convert": "1.9.0"
      }
    },
    "asap": {
      "version": "2.0.6",
      "resolved": "https://registry.npmjs.org/asap/-/asap-2.0.6.tgz",
      "integrity": "sha1-5QNHYR1+aQlDIIu9r+vLwvuGbUY="
    },
    "autoprefixer": {
      "version": "7.1.2",
      "resolved": "https://registry.npmjs.org/autoprefixer/-/autoprefixer-7.1.2.tgz",
      "integrity": "sha1-++rwfUj9h44Ggr98vurecorbKxg=",
      "requires": {
        "browserslist": "2.2.2",
        "caniuse-lite": "1.0.30000706",
        "normalize-range": "0.1.2",
        "num2fraction": "1.2.2",
        "postcss": "6.0.8",
        "postcss-value-parser": "3.3.0"
      }
    },
    "browserslist": {
      "version": "2.2.2",
      "resolved": "https://registry.npmjs.org/browserslist/-/browserslist-2.2.2.tgz",
      "integrity": "sha512-MejxGMNIeIqzgaMKVYfFTWHinrwZOnWMXteN9VlHinTd13/0aDmXY9uyRqNsCTnVxqRmrjQFcXI7cy0q9K1IYg==",
      "requires": {
        "caniuse-lite": "1.0.30000706",
        "electron-to-chromium": "1.3.16"
      }
    },
    "caniuse-lite": {
      "version": "1.0.30000706",
      "resolved": "https://registry.npmjs.org/caniuse-lite/-/caniuse-lite-1.0.30000706.tgz",
      "integrity": "sha1-vFmrxBun1KNjTdqVvv3tYRTh8k4="
    },
    "chalk": {
      "version": "2.0.1",
      "resolved": "https://registry.npmjs.org/chalk/-/chalk-2.0.1.tgz",
      "integrity": "sha512-Mp+FXEI+FrwY/XYV45b2YD3E8i3HwnEAoFcM0qlZzq/RZ9RwWitt2Y/c7cqRAz70U7hfekqx6qNYthuKFO6K0g==",
      "requires": {
        "ansi-styles": "3.2.0",
        "escape-string-regexp": "1.0.5",
        "supports-color": "4.2.1"
      }
    },
    "color-convert": {
      "version": "1.9.0",
      "resolved": "https://registry.npmjs.org/color-convert/-/color-convert-1.9.0.tgz",
      "integrity": "sha1-Gsz5fdc5uYO/mU1W/sj5WFNkG3o=",
      "requires": {
        "color-name": "1.1.3"
      }
    },
    "color-name": {
      "version": "1.1.3",
      "resolved": "https://registry.npmjs.org/color-name/-/color-name-1.1.3.tgz",
      "integrity": "sha1-p9BVi9icQveV3UIyj3QIMcpTvCU="
    },
    "electron-to-chromium": {
      "version": "1.3.16",
      "resolved": "https://registry.npmjs.org/electron-to-chromium/-/electron-to-chromium-1.3.16.tgz",
      "integrity": "sha1-0OAmc1dUdwkBrjAaIWZMukXZL30="
    },
    "escape-string-regexp": {
      "version": "1.0.5",
      "resolved": "https://registry.npmjs.org/escape-string-regexp/-/escape-string-regexp-1.0.5.tgz",
      "integrity": "sha1-G2HAViGQqN/2rjuyzwIAyhMLhtQ="
    },
    "has-flag": {
      "version": "2.0.0",
      "resolved": "https://registry.npmjs.org/has-flag/-/has-flag-2.0.0.tgz",
      "integrity": "sha1-6CB68cx7MNRGzHC3NLXovhj4jVE="
    },
    "nodegit-promise": {
      "version": "4.0.0",
      "resolved": "https://registry.npmjs.org/nodegit-promise/-/nodegit-promise-4.0.0.tgz",
      "integrity": "sha1-VyKxhPLfcycWEGSnkdLoQskWezQ=",
      "requires": {
        "asap": "2.0.6"
      }
    },
    "normalize-range": {
      "version": "0.1.2",
      "resolved": "https://registry.npmjs.org/normalize-range/-/normalize-range-0.1.2.tgz",
      "integrity": "sha1-LRDAa9/TEuqXd2laTShDlFa3WUI="
    },
    "num2fraction": {
      "version": "1.2.2",
      "resolved": "https://registry.npmjs.org/num2fraction/-/num2fraction-1.2.2.tgz",
      "integrity": "sha1-b2gragJ6Tp3fpFZM0lidHU5mnt4="
    },
    "object-assign": {
      "version": "4.1.1",
      "resolved": "https://registry.npmjs.org/object-assign/-/object-assign-4.1.1.tgz",
      "integrity": "sha1-IQmtx5ZYh8/AXLvUQsrIv7s2CGM="
    },
    "path-parse": {
      "version": "1.0.5",
      "resolved": "https://registry.npmjs.org/path-parse/-/path-parse-1.0.5.tgz",
      "integrity": "sha1-PBrfhx6pzWyUMbbqK9dKD/BVxME="
    },
    "pify": {
      "version": "2.3.0",
      "resolved": "https://registry.npmjs.org/pify/-/pify-2.3.0.tgz",
      "integrity": "sha1-7RQaasBDqEnqWISY59yosVMw6Qw="
    },
    "postcss": {
      "version": "6.0.8",
      "resolved": "https://registry.npmjs.org/postcss/-/postcss-6.0.8.tgz",
      "integrity": "sha512-G6WnRmdTt2jvJvY+aY+M0AO4YlbxE+slKPZb+jG2P2U9Tyxi3h1fYZ/DgiFU6DC6bv3XIEJoZt+f/kNh8BrWFw==",
      "requires": {
        "chalk": "2.0.1",
        "source-map": "0.5.6",
        "supports-color": "4.2.1"
      }
    },
    "postcss-import": {
      "version": "10.0.0",
      "resolved": "https://registry.npmjs.org/postcss-import/-/postcss-import-10.0.0.tgz",
      "integrity": "sha1-TIXJewmRNsxeoCQNwd/b/eTi674=",
      "requires": {
        "object-assign": "4.1.1",
        "postcss": "6.0.8",
        "postcss-value-parser": "3.3.0",
        "read-cache": "1.0.0",
        "resolve": "1.3.3"
      }
    },
    "postcss-value-parser": {
      "version": "3.3.0",
      "resolved": "https://registry.npmjs.org/postcss-value-parser/-/postcss-value-parser-3.3.0.tgz",
      "integrity": "sha1-h/OPnxj3dKSrTIojL1xc6IcqnRU="
    },
    "promisify-node": {
      "version": "0.4.0",
      "resolved": "https://registry.npmjs.org/promisify-node/-/promisify-node-0.4.0.tgz",
      "integrity": "sha1-MoA4dOxBF4TkeGwzmQKoeheaRpw=",
      "requires": {
        "nodegit-promise": "4.0.0",
        "object-assign": "4.1.1"
      }
    },
    "read-cache": {
      "version": "1.0.0",
      "resolved": "https://registry.npmjs.org/read-cache/-/read-cache-1.0.0.tgz",
      "integrity": "sha1-5mTvMRYRZsl1HNvo28+GtftY93Q=",
      "requires": {
        "pify": "2.3.0"
      }
    },
    "resolve": {
      "version": "1.3.3",
      "resolved": "https://registry.npmjs.org/resolve/-/resolve-1.3.3.tgz",
      "integrity": "sha1-ZVkHw0aahoDcLeOidaj91paR8OU=",
      "requires": {
        "path-parse": "1.0.5"
      }
    },
    "source-map": {
      "version": "0.5.6",
      "resolved": "https://registry.npmjs.org/source-map/-/source-map-0.5.6.tgz",
      "integrity": "sha1-dc449SvwczxafwwRjYEzSiu19BI="
    },
    "supports-color": {
      "version": "4.2.1",
      "resolved": "https://registry.npmjs.org/supports-color/-/supports-color-4.2.1.tgz",
      "integrity": "sha512-qxzYsob3yv6U+xMzPrv170y8AwGP7i74g+pbixCfD6rgso8BscLT2qXIuz6TpOaiJZ3mFgT5O9lyT9nMU4LfaA==",
      "requires": {
        "has-flag": "2.0.0"
      }
    }
  }
}
